
Microsoft Visual Studio Solution File, Format Version 12.00
# Visual Studio Version 16
VisualStudioVersion = 16.0.31112.23
MinimumVisualStudioVersion = 10.0.40219.1
Project("{FAE04EC0-301F-11D3-BF4B-00C04F79EFBC}") = "1_switch", "1_switch\1_switch.csproj", "{C5D58D96-DC35-42C4-BFC1-BDFA716AD572}"
EndProject
Project("{FAE04EC0-301F-11D3-BF4B-00C04F79EFBC}") = "2_loops", "2_loops\2_loops.csproj", "{B42C66DD-0F34-4C5A-96C1-6A14CD8E755D}"
EndProject
Project("{FAE04EC0-301F-11D3-BF4B-00C04F79EFBC}") = "1_chick", "1_chick\1_chick.csproj", "{F809440C-E3FD-4F00-A66A-BDD6A58293DF}"
EndProject
Project("{FAE04EC0-301F-11D3-BF4B-00C04F79EFBC}") = "3_array", "3_array\3_array.csproj", "{3AB01C58-EADB-4CB9-B577-1DE95CD2B2E5}"
EndProject
Project("{FAE04EC0-301F-11D3-BF4B-00C04F79EFBC}") = "4_array[ , ]", "4_array[ , ]\4_array[ , ].csproj", "{3ECB6B1B-C64A-4780-A395-FADE90EC73A1}"
EndProject
Project("{FAE04EC0-301F-11D3-BF4B-00C04F79EFBC}") = "5_arr[][]", "5_arr[][]\5_arr[][].csproj", "{2EF95731-81A1-4D6D-B9A3-51A0D6277AE9}"
EndProject
Project("{FAE04EC0-301F-11D3-BF4B-00C04F79EFBC}") = "6_methods", "6_methods\6_methods.csproj", "{68E212F3-780E-4321-9397-C177703D7F13}"
EndProject
Project("{FAE04EC0-301F-11D3-BF4B-00C04F79EFBC}") = "6_Methods_Home_Work", "6_Methods_Home_Work\6_Methods_Home_Work.csproj", "{B66A59C3-7453-4895-90B8-84F43A39C875}"
EndProject
Project("{FAE04EC0-301F-11D3-BF4B-00C04F79EFBC}") = "Memory_Game", "Memory_Game\Memory_Game.csproj", "{0F4EACD4-69D9-41EC-82BD-D43E913DC188}"
EndProject
Project("{FAE04EC0-301F-11D3-BF4B-00C04F79EFBC}") = "7_class", "7_class\7_class.csproj", "{97C28399-D849-4853-9CC9-828D9787FF3B}"
EndProject
Project("{FAE04EC0-301F-11D3-BF4B-00C04F79EFBC}") = "7_class_HomeWork", "7_class_HomeWork\7_class_HomeWork.csproj", "{02863249-D8A0-4252-A081-DC45639B1411}"
EndProject
Project("{FAE04EC0-301F-11D3-BF4B-00C04F79EFBC}") = "8_methods_overloading", "8_methods_overloading\8_methods_overloading.csproj", "{B0290F90-EC8A-4CCC-A09A-55496D3A28F6}"
EndProject
Project("{FAE04EC0-301F-11D3-BF4B-00C04F79EFBC}") = "9_virtual_and_override", "9_virtual_and_override\9_virtual_and_override.csproj", "{4892786C-9DCA-4B2D-B9A9-DC288ACFD03E}"
EndProject
Project("{FAE04EC0-301F-11D3-BF4B-00C04F79EFBC}") = "Home_Work_Override_Stack", "Home_Work_Override_Stack\Home_Work_Override_Stack.csproj", "{7F81551D-826D-4098-B356-F5EF1DC54CA1}"
EndProject
Project("{FAE04EC0-301F-11D3-BF4B-00C04F79EFBC}") = "10_ref_and_out", "10_ref_and_out\10_ref_and_out.csproj", "{117C98E3-E912-4012-A389-9B66FCA2FEBE}"
EndProject
Project("{FAE04EC0-301F-11D3-BF4B-00C04F79EFBC}") = "Ref_out_HomeWork", "ref_out_HomeWork\Ref_out_HomeWork.csproj", "{0E5858C8-1C30-4BF6-A55A-5A6D36BF1A36}"
EndProject
Project("{FAE04EC0-301F-11D3-BF4B-00C04F79EFBC}") = "HomeWorkAccessModifiers1", "HomeWorkAccessModifiers\HomeWorkAccessModifiers1.csproj", "{8D8B4EA1-33E8-4EC2-9A35-013EF16767C9}"
EndProject
Global
	GlobalSection(SolutionConfigurationPlatforms) = preSolution
		Debug|Any CPU = Debug|Any CPU
		Release|Any CPU = Release|Any CPU
	EndGlobalSection
	GlobalSection(ProjectConfigurationPlatforms) = postSolution
		{C5D58D96-DC35-42C4-BFC1-BDFA716AD572}.Debug|Any CPU.ActiveCfg = Debug|Any CPU
		{C5D58D96-DC35-42C4-BFC1-BDFA716AD572}.Debug|Any CPU.Build.0 = Debug|Any CPU
		{C5D58D96-DC35-42C4-BFC1-BDFA716AD572}.Release|Any CPU.ActiveCfg = Release|Any CPU
		{C5D58D96-DC35-42C4-BFC1-BDFA716AD572}.Release|Any CPU.Build.0 = Release|Any CPU
		{B42C66DD-0F34-4C5A-96C1-6A14CD8E755D}.Debug|Any CPU.ActiveCfg = Debug|Any CPU
		{B42C66DD-0F34-4C5A-96C1-6A14CD8E755D}.Debug|Any CPU.Build.0 = Debug|Any CPU
		{B42C66DD-0F34-4C5A-96C1-6A14CD8E755D}.Release|Any CPU.ActiveCfg = Release|Any CPU
		{B42C66DD-0F34-4C5A-96C1-6A14CD8E755D}.Release|Any CPU.Build.0 = Release|Any CPU
		{F809440C-E3FD-4F00-A66A-BDD6A58293DF}.Debug|Any CPU.ActiveCfg = Debug|Any CPU
		{F809440C-E3FD-4F00-A66A-BDD6A58293DF}.Debug|Any CPU.Build.0 = Debug|Any CPU
		{F809440C-E3FD-4F00-A66A-BDD6A58293DF}.Release|Any CPU.ActiveCfg = Release|Any CPU
		{F809440C-E3FD-4F00-A66A-BDD6A58293DF}.Release|Any CPU.Build.0 = Release|Any CPU
		{3AB01C58-EADB-4CB9-B577-1DE95CD2B2E5}.Debug|Any CPU.ActiveCfg = Debug|Any CPU
		{3AB01C58-EADB-4CB9-B577-1DE95CD2B2E5}.Debug|Any CPU.Build.0 = Debug|Any CPU
		{3AB01C58-EADB-4CB9-B577-1DE95CD2B2E5}.Release|Any CPU.ActiveCfg = Release|Any CPU
		{3AB01C58-EADB-4CB9-B577-1DE95CD2B2E5}.Release|Any CPU.Build.0 = Release|Any CPU
		{3ECB6B1B-C64A-4780-A395-FADE90EC73A1}.Debug|Any CPU.ActiveCfg = Debug|Any CPU
		{3ECB6B1B-C64A-4780-A395-FADE90EC73A1}.Debug|Any CPU.Build.0 = Debug|Any CPU
		{3ECB6B1B-C64A-4780-A395-FADE90EC73A1}.Release|Any CPU.ActiveCfg = Release|Any CPU
		{3ECB6B1B-C64A-4780-A395-FADE90EC73A1}.Release|Any CPU.Build.0 = Release|Any CPU
		{2EF95731-81A1-4D6D-B9A3-51A0D6277AE9}.Debug|Any CPU.ActiveCfg = Debug|Any CPU
		{2EF95731-81A1-4D6D-B9A3-51A0D6277AE9}.Debug|Any CPU.Build.0 = Debug|Any CPU
		{2EF95731-81A1-4D6D-B9A3-51A0D6277AE9}.Release|Any CPU.ActiveCfg = Release|Any CPU
		{2EF95731-81A1-4D6D-B9A3-51A0D6277AE9}.Release|Any CPU.Build.0 = Release|Any CPU
		{68E212F3-780E-4321-9397-C177703D7F13}.Debug|Any CPU.ActiveCfg = Debug|Any CPU
		{68E212F3-780E-4321-9397-C177703D7F13}.Debug|Any CPU.Build.0 = Debug|Any CPU
		{68E212F3-780E-4321-9397-C177703D7F13}.Release|Any CPU.ActiveCfg = Release|Any CPU
		{68E212F3-780E-4321-9397-C177703D7F13}.Release|Any CPU.Build.0 = Release|Any CPU
		{B66A59C3-7453-4895-90B8-84F43A39C875}.Debug|Any CPU.ActiveCfg = Debug|Any CPU
		{B66A59C3-7453-4895-90B8-84F43A39C875}.Debug|Any CPU.Build.0 = Debug|Any CPU
		{B66A59C3-7453-4895-90B8-84F43A39C875}.Release|Any CPU.ActiveCfg = Release|Any CPU
		{B66A59C3-7453-4895-90B8-84F43A39C875}.Release|Any CPU.Build.0 = Release|Any CPU
		{0F4EACD4-69D9-41EC-82BD-D43E913DC188}.Debug|Any CPU.ActiveCfg = Debug|Any CPU
		{0F4EACD4-69D9-41EC-82BD-D43E913DC188}.Debug|Any CPU.Build.0 = Debug|Any CPU
		{0F4EACD4-69D9-41EC-82BD-D43E913DC188}.Release|Any CPU.ActiveCfg = Release|Any CPU
		{0F4EACD4-69D9-41EC-82BD-D43E913DC188}.Release|Any CPU.Build.0 = Release|Any CPU
		{97C28399-D849-4853-9CC9-828D9787FF3B}.Debug|Any CPU.ActiveCfg = Debug|Any CPU
		{97C28399-D849-4853-9CC9-828D9787FF3B}.Debug|Any CPU.Build.0 = Debug|Any CPU
		{97C28399-D849-4853-9CC9-828D9787FF3B}.Release|Any CPU.ActiveCfg = Release|Any CPU
		{97C28399-D849-4853-9CC9-828D9787FF3B}.Release|Any CPU.Build.0 = Release|Any CPU
		{02863249-D8A0-4252-A081-DC45639B1411}.Debug|Any CPU.ActiveCfg = Debug|Any CPU
		{02863249-D8A0-4252-A081-DC45639B1411}.Debug|Any CPU.Build.0 = Debug|Any CPU
		{02863249-D8A0-4252-A081-DC45639B1411}.Release|Any CPU.ActiveCfg = Release|Any CPU
		{02863249-D8A0-4252-A081-DC45639B1411}.Release|Any CPU.Build.0 = Release|Any CPU
		{B0290F90-EC8A-4CCC-A09A-55496D3A28F6}.Debug|Any CPU.ActiveCfg = Debug|Any CPU
		{B0290F90-EC8A-4CCC-A09A-55496D3A28F6}.Debug|Any CPU.Build.0 = Debug|Any CPU
		{B0290F90-EC8A-4CCC-A09A-55496D3A28F6}.Release|Any CPU.ActiveCfg = Release|Any CPU
		{B0290F90-EC8A-4CCC-A09A-55496D3A28F6}.Release|Any CPU.Build.0 = Release|Any CPU
		{4892786C-9DCA-4B2D-B9A9-DC288ACFD03E}.Debug|Any CPU.ActiveCfg = Debug|Any CPU
		{4892786C-9DCA-4B2D-B9A9-DC288ACFD03E}.Debug|Any CPU.Build.0 = Debug|Any CPU
		{4892786C-9DCA-4B2D-B9A9-DC288ACFD03E}.Release|Any CPU.ActiveCfg = Release|Any CPU
		{4892786C-9DCA-4B2D-B9A9-DC288ACFD03E}.Release|Any CPU.Build.0 = Release|Any CPU
		{7F81551D-826D-4098-B356-F5EF1DC54CA1}.Debug|Any CPU.ActiveCfg = Debug|Any CPU
		{7F81551D-826D-4098-B356-F5EF1DC54CA1}.Debug|Any CPU.Build.0 = Debug|Any CPU
		{7F81551D-826D-4098-B356-F5EF1DC54CA1}.Release|Any CPU.ActiveCfg = Release|Any CPU
		{7F81551D-826D-4098-B356-F5EF1DC54CA1}.Release|Any CPU.Build.0 = Release|Any CPU
		{117C98E3-E912-4012-A389-9B66FCA2FEBE}.Debug|Any CPU.ActiveCfg = Debug|Any CPU
		{117C98E3-E912-4012-A389-9B66FCA2FEBE}.Debug|Any CPU.Build.0 = Debug|Any CPU
		{117C98E3-E912-4012-A389-9B66FCA2FEBE}.Release|Any CPU.ActiveCfg = Release|Any CPU
		{117C98E3-E912-4012-A389-9B66FCA2FEBE}.Release|Any CPU.Build.0 = Release|Any CPU
		{0E5858C8-1C30-4BF6-A55A-5A6D36BF1A36}.Debug|Any CPU.ActiveCfg = Debug|Any CPU
		{0E5858C8-1C30-4BF6-A55A-5A6D36BF1A36}.Debug|Any CPU.Build.0 = Debug|Any CPU
		{0E5858C8-1C30-4BF6-A55A-5A6D36BF1A36}.Release|Any CPU.ActiveCfg = Release|Any CPU
		{0E5858C8-1C30-4BF6-A55A-5A6D36BF1A36}.Release|Any CPU.Build.0 = Release|Any CPU
		{8D8B4EA1-33E8-4EC2-9A35-013EF16767C9}.Debug|Any CPU.ActiveCfg = Debug|Any CPU
		{8D8B4EA1-33E8-4EC2-9A35-013EF16767C9}.Debug|Any CPU.Build.0 = Debug|Any CPU
		{8D8B4EA1-33E8-4EC2-9A35-013EF16767C9}.Release|Any CPU.ActiveCfg = Release|Any CPU
		{8D8B4EA1-33E8-4EC2-9A35-013EF16767C9}.Release|Any CPU.Build.0 = Release|Any CPU
	EndGlobalSection
	GlobalSection(SolutionProperties) = preSolution
		HideSolutionNode = FALSE
	EndGlobalSection
	GlobalSection(ExtensibilityGlobals) = postSolution
		SolutionGuid = {B2281675-6102-4398-86DE-725D432AC771}
	EndGlobalSection
EndGlobal
